// !$*UTF8*$!
{
	archiveVersion = 1;
	classes = {
	};
	objectVersion = 54;
	objects = {

/* Begin PBXBuildFile section */
		13B07FBF1A68108700A75B9A /* Images.xcassets in Resources */ = {isa = PBXBuildFile; fileRef = 13B07FB51A68108700A75B9A /* Images.xcassets */; };
		285CCF9C410A4B944B9025EA /* libPods-KommunicateReactNativeSampleApp.a in Frameworks */ = {isa = PBXBuildFile; fileRef = F858938E37C3D0F5C2DA5E2F /* libPods-KommunicateReactNativeSampleApp.a */; };
		3E461D99554A48A4959DE609 /* SplashScreen.storyboard in Resources */ = {isa = PBXBuildFile; fileRef = AA286B85B6C04FC6940260E9 /* SplashScreen.storyboard */; };
		7FBD35F6716975977FDA4136 /* ExpoModulesProvider.swift in Sources */ = {isa = PBXBuildFile; fileRef = 90B836A651FEEAFBCFBE329F /* ExpoModulesProvider.swift */; };
		83B9097FBE96FEDCB1E78DBD /* PrivacyInfo.xcprivacy in Resources */ = {isa = PBXBuildFile; fileRef = 779150D78EDD0A0B23C350D7 /* PrivacyInfo.xcprivacy */; };
		BB2F792D24A3F905000567C9 /* Expo.plist in Resources */ = {isa = PBXBuildFile; fileRef = BB2F792C24A3F905000567C9 /* Expo.plist */; };
		F11748422D0307B40044C1D9 /* AppDelegate.swift in Sources */ = {isa = PBXBuildFile; fileRef = F11748412D0307B40044C1D9 /* AppDelegate.swift */; };
/* End PBXBuildFile section */

/* Begin PBXFileReference section */
		13B07F961A680F5B00A75B9A /* KommunicateReactNativeSampleApp.app */ = {isa = PBXFileReference; explicitFileType = wrapper.application; includeInIndex = 0; path = KommunicateReactNativeSampleApp.app; sourceTree = BUILT_PRODUCTS_DIR; };
		13B07FB51A68108700A75B9A /* Images.xcassets */ = {isa = PBXFileReference; lastKnownFileType = folder.assetcatalog; name = Images.xcassets; path = KommunicateReactNativeSampleApp/Images.xcassets; sourceTree = "<group>"; };
		13B07FB61A68108700A75B9A /* Info.plist */ = {isa = PBXFileReference; fileEncoding = 4; lastKnownFileType = text.plist.xml; name = Info.plist; path = KommunicateReactNativeSampleApp/Info.plist; sourceTree = "<group>"; };
		779150D78EDD0A0B23C350D7 /* PrivacyInfo.xcprivacy */ = {isa = PBXFileReference; includeInIndex = 1; name = PrivacyInfo.xcprivacy; path = KommunicateReactNativeSampleApp/PrivacyInfo.xcprivacy; sourceTree = "<group>"; };
		7FA27A47F0AF8B011D7B9086 /* Pods-KommunicateReactNativeSampleApp.release.xcconfig */ = {isa = PBXFileReference; includeInIndex = 1; lastKnownFileType = text.xcconfig; name = "Pods-KommunicateReactNativeSampleApp.release.xcconfig"; path = "Target Support Files/Pods-KommunicateReactNativeSampleApp/Pods-KommunicateReactNativeSampleApp.release.xcconfig"; sourceTree = "<group>"; };
		90B836A651FEEAFBCFBE329F /* ExpoModulesProvider.swift */ = {isa = PBXFileReference; includeInIndex = 1; lastKnownFileType = sourcecode.swift; name = ExpoModulesProvider.swift; path = "Pods/Target Support Files/Pods-KommunicateReactNativeSampleApp/ExpoModulesProvider.swift"; sourceTree = "<group>"; };
		AA286B85B6C04FC6940260E9 /* SplashScreen.storyboard */ = {isa = PBXFileReference; fileEncoding = 4; lastKnownFileType = file.storyboard; name = SplashScreen.storyboard; path = KommunicateReactNativeSampleApp/SplashScreen.storyboard; sourceTree = "<group>"; };
		BABF9DB649E516DEEC55064F /* Pods-KommunicateReactNativeSampleApp.debug.xcconfig */ = {isa = PBXFileReference; includeInIndex = 1; lastKnownFileType = text.xcconfig; name = "Pods-KommunicateReactNativeSampleApp.debug.xcconfig"; path = "Target Support Files/Pods-KommunicateReactNativeSampleApp/Pods-KommunicateReactNativeSampleApp.debug.xcconfig"; sourceTree = "<group>"; };
		BB2F792C24A3F905000567C9 /* Expo.plist */ = {isa = PBXFileReference; fileEncoding = 4; lastKnownFileType = text.plist.xml; path = Expo.plist; sourceTree = "<group>"; };
		ED297162215061F000B7C4FE /* JavaScriptCore.framework */ = {isa = PBXFileReference; lastKnownFileType = wrapper.framework; name = JavaScriptCore.framework; path = System/Library/Frameworks/JavaScriptCore.framework; sourceTree = SDKROOT; };
		F11748412D0307B40044C1D9 /* AppDelegate.swift */ = {isa = PBXFileReference; lastKnownFileType = sourcecode.swift; name = AppDelegate.swift; path = KommunicateReactNativeSampleApp/AppDelegate.swift; sourceTree = "<group>"; };
		F11748442D0722820044C1D9 /* KommunicateReactNativeSampleApp-Bridging-Header.h */ = {isa = PBXFileReference; lastKnownFileType = sourcecode.c.h; name = "KommunicateReactNativeSampleApp-Bridging-Header.h"; path = "KommunicateReactNativeSampleApp/KommunicateReactNativeSampleApp-Bridging-Header.h"; sourceTree = "<group>"; };
		F858938E37C3D0F5C2DA5E2F /* libPods-KommunicateReactNativeSampleApp.a */ = {isa = PBXFileReference; explicitFileType = archive.ar; includeInIndex = 0; path = "libPods-KommunicateReactNativeSampleApp.a"; sourceTree = BUILT_PRODUCTS_DIR; };
/* End PBXFileReference section */

/* Begin PBXFrameworksBuildPhase section */
		13B07F8C1A680F5B00A75B9A /* Frameworks */ = {
			isa = PBXFrameworksBuildPhase;
			buildActionMask = 2147483647;
			files = (
				285CCF9C410A4B944B9025EA /* libPods-KommunicateReactNativeSampleApp.a in Frameworks */,
			);
			runOnlyForDeploymentPostprocessing = 0;
		};
/* End PBXFrameworksBuildPhase section */

/* Begin PBXGroup section */
		13B07FAE1A68108700A75B9A /* KommunicateReactNativeSampleApp */ = {
			isa = PBXGroup;
			children = (
				F11748412D0307B40044C1D9 /* AppDelegate.swift */,
				F11748442D0722820044C1D9 /* KommunicateReactNativeSampleApp-Bridging-Header.h */,
				BB2F792B24A3F905000567C9 /* Supporting */,
				13B07FB51A68108700A75B9A /* Images.xcassets */,
				13B07FB61A68108700A75B9A /* Info.plist */,
				AA286B85B6C04FC6940260E9 /* SplashScreen.storyboard */,
				779150D78EDD0A0B23C350D7 /* PrivacyInfo.xcprivacy */,
			);
			name = KommunicateReactNativeSampleApp;
			sourceTree = "<group>";
		};
		2D16E6871FA4F8E400B85C8A /* Frameworks */ = {
			isa = PBXGroup;
			children = (
				ED297162215061F000B7C4FE /* JavaScriptCore.framework */,
				F858938E37C3D0F5C2DA5E2F /* libPods-KommunicateReactNativeSampleApp.a */,
			);
			name = Frameworks;
			sourceTree = "<group>";
		};
		832341AE1AAA6A7D00B99B32 /* Libraries */ = {
			isa = PBXGroup;
			children = (
			);
			name = Libraries;
			sourceTree = "<group>";
		};
		83CBB9F61A601CBA00E9B192 = {
			isa = PBXGroup;
			children = (
				13B07FAE1A68108700A75B9A /* KommunicateReactNativeSampleApp */,
				832341AE1AAA6A7D00B99B32 /* Libraries */,
				83CBBA001A601CBA00E9B192 /* Products */,
				2D16E6871FA4F8E400B85C8A /* Frameworks */,
				ACD4954474F13A1974CAB611 /* Pods */,
				8B4EDE21A314ABF5C1C08E98 /* ExpoModulesProviders */,
			);
			indentWidth = 2;
			sourceTree = "<group>";
			tabWidth = 2;
			usesTabs = 0;
		};
		83CBBA001A601CBA00E9B192 /* Products */ = {
			isa = PBXGroup;
			children = (
				13B07F961A680F5B00A75B9A /* KommunicateReactNativeSampleApp.app */,
			);
			name = Products;
			sourceTree = "<group>";
		};
		8B4EDE21A314ABF5C1C08E98 /* ExpoModulesProviders */ = {
			isa = PBXGroup;
			children = (
				E5C9E5F6EEE144EC5A5C53F1 /* KommunicateReactNativeSampleApp */,
			);
			name = ExpoModulesProviders;
			sourceTree = "<group>";
		};
		ACD4954474F13A1974CAB611 /* Pods */ = {
			isa = PBXGroup;
			children = (
				BABF9DB649E516DEEC55064F /* Pods-KommunicateReactNativeSampleApp.debug.xcconfig */,
				7FA27A47F0AF8B011D7B9086 /* Pods-KommunicateReactNativeSampleApp.release.xcconfig */,
			);
			name = Pods;
			path = Pods;
			sourceTree = "<group>";
		};
		BB2F792B24A3F905000567C9 /* Supporting */ = {
			isa = PBXGroup;
			children = (
				BB2F792C24A3F905000567C9 /* Expo.plist */,
			);
			name = Supporting;
			path = KommunicateReactNativeSampleApp/Supporting;
			sourceTree = "<group>";
		};
		E5C9E5F6EEE144EC5A5C53F1 /* KommunicateReactNativeSampleApp */ = {
			isa = PBXGroup;
			children = (
				90B836A651FEEAFBCFBE329F /* ExpoModulesProvider.swift */,
			);
			name = KommunicateReactNativeSampleApp;
			sourceTree = "<group>";
		};
/* End PBXGroup section */

/* Begin PBXNativeTarget section */
		13B07F861A680F5B00A75B9A /* KommunicateReactNativeSampleApp */ = {
			isa = PBXNativeTarget;
			buildConfigurationList = 13B07F931A680F5B00A75B9A /* Build configuration list for PBXNativeTarget "KommunicateReactNativeSampleApp" */;
			buildPhases = (
				08A4A3CD28434E44B6B9DE2E /* [CP] Check Pods Manifest.lock */,
				35086B5628E79B35EA9D9874 /* [Expo] Configure project */,
				13B07F871A680F5B00A75B9A /* Sources */,
				13B07F8C1A680F5B00A75B9A /* Frameworks */,
				13B07F8E1A680F5B00A75B9A /* Resources */,
				00DD1BFF1BD5951E006B06BC /* Bundle React Native code and images */,
				800E24972A6A228C8D4807E9 /* [CP] Copy Pods Resources */,
				78D4D9D9A66B60EB8464C223 /* [CP] Embed Pods Frameworks */,
			);
			buildRules = (
			);
			dependencies = (
			);
			name = KommunicateReactNativeSampleApp;
			productName = KommunicateReactNativeSampleApp;
			productReference = 13B07F961A680F5B00A75B9A /* KommunicateReactNativeSampleApp.app */;
			productType = "com.apple.product-type.application";
		};
/* End PBXNativeTarget section */

/* Begin PBXProject section */
		83CBB9F71A601CBA00E9B192 /* Project object */ = {
			isa = PBXProject;
			attributes = {
				LastUpgradeCheck = 1130;
				TargetAttributes = {
					13B07F861A680F5B00A75B9A = {
						LastSwiftMigration = 1250;
					};
				};
			};
			buildConfigurationList = 83CBB9FA1A601CBA00E9B192 /* Build configuration list for PBXProject "KommunicateReactNativeSampleApp" */;
			compatibilityVersion = "Xcode 3.2";
			developmentRegion = en;
			hasScannedForEncodings = 0;
			knownRegions = (
				en,
				Base,
			);
			mainGroup = 83CBB9F61A601CBA00E9B192;
			productRefGroup = 83CBBA001A601CBA00E9B192 /* Products */;
			projectDirPath = "";
			projectRoot = "";
			targets = (
				13B07F861A680F5B00A75B9A /* KommunicateReactNativeSampleApp */,
			);
		};
/* End PBXProject section */

/* Begin PBXResourcesBuildPhase section */
		13B07F8E1A680F5B00A75B9A /* Resources */ = {
			isa = PBXResourcesBuildPhase;
			buildActionMask = 2147483647;
			files = (
				BB2F792D24A3F905000567C9 /* Expo.plist in Resources */,
				13B07FBF1A68108700A75B9A /* Images.xcassets in Resources */,
				3E461D99554A48A4959DE609 /* SplashScreen.storyboard in Resources */,
				83B9097FBE96FEDCB1E78DBD /* PrivacyInfo.xcprivacy in Resources */,
			);
			runOnlyForDeploymentPostprocessing = 0;
		};
/* End PBXResourcesBuildPhase section */

/* Begin PBXShellScriptBuildPhase section */
		00DD1BFF1BD5951E006B06BC /* Bundle React Native code and images */ = {
			isa = PBXShellScriptBuildPhase;
			alwaysOutOfDate = 1;
			buildActionMask = 2147483647;
			files = (
			);
			inputPaths = (
				"$(SRCROOT)/.xcode.env",
				"$(SRCROOT)/.xcode.env.local",
			);
			name = "Bundle React Native code and images";
			outputPaths = (
			);
			runOnlyForDeploymentPostprocessing = 0;
			shellPath = /bin/sh;
			shellScript = "if [[ -f \"$PODS_ROOT/../.xcode.env\" ]]; then\n  source \"$PODS_ROOT/../.xcode.env\"\nfi\nif [[ -f \"$PODS_ROOT/../.xcode.env.local\" ]]; then\n  source \"$PODS_ROOT/../.xcode.env.local\"\nfi\n\n# The project root by default is one level up from the ios directory\nexport PROJECT_ROOT=\"$PROJECT_DIR\"/..\n\nif [[ \"$CONFIGURATION\" = *Debug* ]]; then\n  export SKIP_BUNDLING=1\nfi\nif [[ -z \"$ENTRY_FILE\" ]]; then\n  # Set the entry JS file using the bundler's entry resolution.\n  export ENTRY_FILE=\"$(\"$NODE_BINARY\" -e \"require('expo/scripts/resolveAppEntry')\" \"$PROJECT_ROOT\" ios absolute | tail -n 1)\"\nfi\n\nif [[ -z \"$CLI_PATH\" ]]; then\n  # Use Expo CLI\n  export CLI_PATH=\"$(\"$NODE_BINARY\" --print \"require.resolve('@expo/cli', { paths: [require.resolve('expo/package.json')] })\")\"\nfi\nif [[ -z \"$BUNDLE_COMMAND\" ]]; then\n  # Default Expo CLI command for bundling\n  export BUNDLE_COMMAND=\"export:embed\"\nfi\n\n# Source .xcode.env.updates if it exists to allow\n# SKIP_BUNDLING to be unset if needed\nif [[ -f \"$PODS_ROOT/../.xcode.env.updates\" ]]; then\n  source \"$PODS_ROOT/../.xcode.env.updates\"\nfi\n# Source local changes to allow overrides\n# if needed\nif [[ -f \"$PODS_ROOT/../.xcode.env.local\" ]]; then\n  source \"$PODS_ROOT/../.xcode.env.local\"\nfi\n\n`\"$NODE_BINARY\" --print \"require('path').dirname(require.resolve('react-native/package.json')) + '/scripts/react-native-xcode.sh'\"`\n\n";
		};
		08A4A3CD28434E44B6B9DE2E /* [CP] Check Pods Manifest.lock */ = {
			isa = PBXShellScriptBuildPhase;
			buildActionMask = 2147483647;
			files = (
			);
			inputFileListPaths = (
			);
			inputPaths = (
				"${PODS_PODFILE_DIR_PATH}/Podfile.lock",
				"${PODS_ROOT}/Manifest.lock",
			);
			name = "[CP] Check Pods Manifest.lock";
			outputFileListPaths = (
			);
			outputPaths = (
				"$(DERIVED_FILE_DIR)/Pods-KommunicateReactNativeSampleApp-checkManifestLockResult.txt",
			);
			runOnlyForDeploymentPostprocessing = 0;
			shellPath = /bin/sh;
			shellScript = "diff \"${PODS_PODFILE_DIR_PATH}/Podfile.lock\" \"${PODS_ROOT}/Manifest.lock\" > /dev/null\nif [ $? != 0 ] ; then\n    # print error to STDERR\n    echo \"error: The sandbox is not in sync with the Podfile.lock. Run 'pod install' or update your CocoaPods installation.\" >&2\n    exit 1\nfi\n# This output is used by Xcode 'outputs' to avoid re-running this script phase.\necho \"SUCCESS\" > \"${SCRIPT_OUTPUT_FILE_0}\"\n";
			showEnvVarsInLog = 0;
		};
		35086B5628E79B35EA9D9874 /* [Expo] Configure project */ = {
			isa = PBXShellScriptBuildPhase;
			alwaysOutOfDate = 1;
			buildActionMask = 2147483647;
			files = (
			);
			inputFileListPaths = (
			);
			inputPaths = (
				"$(SRCROOT)/.xcode.env",
				"$(SRCROOT)/.xcode.env.local",
				"$(SRCROOT)/KommunicateReactNativeSampleApp/KommunicateReactNativeSampleApp.entitlements",
				"$(SRCROOT)/Pods/Target Support Files/Pods-KommunicateReactNativeSampleApp/expo-configure-project.sh",
			);
			name = "[Expo] Configure project";
			outputFileListPaths = (
			);
			outputPaths = (
				"$(SRCROOT)/Pods/Target Support Files/Pods-KommunicateReactNativeSampleApp/ExpoModulesProvider.swift",
			);
			runOnlyForDeploymentPostprocessing = 0;
			shellPath = /bin/sh;
			shellScript = "# This script configures Expo modules and generates the modules provider file.\nbash -l -c \"./Pods/Target\\ Support\\ Files/Pods-KommunicateReactNativeSampleApp/expo-configure-project.sh\"\n";
		};
		78D4D9D9A66B60EB8464C223 /* [CP] Embed Pods Frameworks */ = {
			isa = PBXShellScriptBuildPhase;
			buildActionMask = 2147483647;
			files = (
			);
			inputPaths = (
				"${PODS_ROOT}/Target Support Files/Pods-KommunicateReactNativeSampleApp/Pods-KommunicateReactNativeSampleApp-frameworks.sh",
				"${PODS_XCFRAMEWORKS_BUILD_DIR}/React-Core-prebuilt/React.framework/React",
				"${PODS_XCFRAMEWORKS_BUILD_DIR}/ReactNativeDependencies/ReactNativeDependencies.framework/ReactNativeDependencies",
				"${PODS_XCFRAMEWORKS_BUILD_DIR}/hermes-engine/Pre-built/hermes.framework/hermes",
			);
			name = "[CP] Embed Pods Frameworks";
			outputPaths = (
				"${TARGET_BUILD_DIR}/${FRAMEWORKS_FOLDER_PATH}/React.framework",
				"${TARGET_BUILD_DIR}/${FRAMEWORKS_FOLDER_PATH}/ReactNativeDependencies.framework",
				"${TARGET_BUILD_DIR}/${FRAMEWORKS_FOLDER_PATH}/hermes.framework",
			);
			runOnlyForDeploymentPostprocessing = 0;
			shellPath = /bin/sh;
			shellScript = "\"${PODS_ROOT}/Target Support Files/Pods-KommunicateReactNativeSampleApp/Pods-KommunicateReactNativeSampleApp-frameworks.sh\"\n";
			showEnvVarsInLog = 0;
		};
		800E24972A6A228C8D4807E9 /* [CP] Copy Pods Resources */ = {
			isa = PBXShellScriptBuildPhase;
			buildActionMask = 2147483647;
			files = (
			);
			inputPaths = (
				"${PODS_ROOT}/Target Support Files/Pods-KommunicateReactNativeSampleApp/Pods-KommunicateReactNativeSampleApp-resources.sh",
				"${PODS_CONFIGURATION_BUILD_DIR}/EXConstants/EXConstants.bundle",
				"${PODS_CONFIGURATION_BUILD_DIR}/EXConstants/ExpoConstants_privacy.bundle",
				"${PODS_CONFIGURATION_BUILD_DIR}/ExpoFileSystem/ExpoFileSystem_privacy.bundle",
				"${PODS_CONFIGURATION_BUILD_DIR}/Kingfisher/Kingfisher.bundle",
				"${PODS_ROOT}/Kommunicate/Sources/Resources/Assets/CustomPreChatFormView.xib",
				"${PODS_ROOT}/Kommunicate/Sources/Resources/Assets/KMAssets.xcassets/closeIcon.imageset/Contents.json",
				"${PODS_ROOT}/Kommunicate/Sources/Resources/Assets/KMAssets.xcassets/Contents.json",
				"${PODS_ROOT}/Kommunicate/Sources/Resources/Assets/KMAssets.xcassets/faq_image.imageset/Contents.json",
				"${PODS_ROOT}/Kommunicate/Sources/Resources/Assets/KMAssets.xcassets/Feedback/cancel_icon.imageset/Contents.json",
				"${PODS_ROOT}/Kommunicate/Sources/Resources/Assets/KMAssets.xcassets/Feedback/confused_emoji.imageset/Contents.json",
				"${PODS_ROOT}/Kommunicate/Sources/Resources/Assets/KMAssets.xcassets/Feedback/Contents.json",
				"${PODS_ROOT}/Kommunicate/Sources/Resources/Assets/KMAssets.xcassets/Feedback/happy_emoji.imageset/Contents.json",
				"${PODS_ROOT}/Kommunicate/Sources/Resources/Assets/KMAssets.xcassets/Feedback/rating_star.imageset/Contents.json",
				"${PODS_ROOT}/Kommunicate/Sources/Resources/Assets/KMAssets.xcassets/Feedback/rating_star_filled.imageset/Contents.json",
				"${PODS_ROOT}/Kommunicate/Sources/Resources/Assets/KMAssets.xcassets/Feedback/sad_emoji.imageset/Contents.json",
				"${PODS_ROOT}/Kommunicate/Sources/Resources/Assets/KMAssets.xcassets/icon_back.imageset/Contents.json",
				"${PODS_ROOT}/Kommunicate/Sources/Resources/Assets/KMAssets.xcassets/icon_down.imageset/Contents.json",
				"${PODS_ROOT}/Kommunicate/Sources/Resources/Assets/KMAssets.xcassets/icon_new_chat_red.imageset/Contents.json",
				"${PODS_ROOT}/Kommunicate/Sources/Resources/Assets/KMAssets.xcassets/km_email_icon.imageset/Contents.json",
				"${PODS_ROOT}/Kommunicate/Sources/Resources/Assets/KMAssets.xcassets/placeholder.imageset/Contents.json",
				"${PODS_ROOT}/Kommunicate/Sources/Resources/Assets/KMAssets.xcassets/search.imageset/Contents.json",
				"${PODS_ROOT}/Kommunicate/Sources/Resources/Assets/KMAssets.xcassets/startNewIcon.imageset/Contents.json",
				"${PODS_ROOT}/Kommunicate/Sources/Resources/Assets/KMAssets.xcassets/star_icon.imageset/Contents.json",
				"${PODS_ROOT}/Kommunicate/Sources/Resources/Assets/KMAssets.xcassets/userFormStartIcon.imageset/Contents.json",
				"${PODS_ROOT}/Kommunicate/Sources/Resources/Assets/KMPreChatUserFormView.xib",
				"${PODS_ROOT}/Kommunicate/Sources/Resources/Assets/Localizable.strings",
				"${PODS_ROOT}/Kommunicate/Sources/Resources/Assets/KMAssets.xcassets",
				"${PODS_ROOT}/KommunicateChatUI-iOS-SDK/Sources/Resources/ALKAssets.xcassets/AppIcon.appiconset/Contents.json",
				"${PODS_ROOT}/KommunicateChatUI-iOS-SDK/Sources/Resources/ALKAssets.xcassets/Camera/barcode_frame.imageset/Contents.json",
				"${PODS_ROOT}/KommunicateChatUI-iOS-SDK/Sources/Resources/ALKAssets.xcassets/Camera/button_camera.imageset/Contents.json",
				"${PODS_ROOT}/KommunicateChatUI-iOS-SDK/Sources/Resources/ALKAssets.xcassets/Camera/button_capture.imageset/Contents.json",
				"${PODS_ROOT}/KommunicateChatUI-iOS-SDK/Sources/Resources/ALKAssets.xcassets/Camera/camera.imageset/Contents.json",
				"${PODS_ROOT}/KommunicateChatUI-iOS-SDK/Sources/Resources/ALKAssets.xcassets/Camera/Contents.json",
				"${PODS_ROOT}/KommunicateChatUI-iOS-SDK/Sources/Resources/ALKAssets.xcassets/Camera/credit_card_frame.imageset/Contents.json",
				"${PODS_ROOT}/KommunicateChatUI-iOS-SDK/Sources/Resources/ALKAssets.xcassets/Camera/crop_rectangle.imageset/Contents.json",
				"${PODS_ROOT}/KommunicateChatUI-iOS-SDK/Sources/Resources/ALKAssets.xcassets/Camera/icon_close_white-1.imageset/Contents.json",
				"${PODS_ROOT}/KommunicateChatUI-iOS-SDK/Sources/Resources/ALKAssets.xcassets/Camera/icon_close_white.imageset/Contents.json",
				"${PODS_ROOT}/KommunicateChatUI-iOS-SDK/Sources/Resources/ALKAssets.xcassets/Camera/icon_download.imageset/Contents.json",
				"${PODS_ROOT}/KommunicateChatUI-iOS-SDK/Sources/Resources/ALKAssets.xcassets/Camera/icon_send_white.imageset/Contents.json",
				"${PODS_ROOT}/KommunicateChatUI-iOS-SDK/Sources/Resources/ALKAssets.xcassets/Camera/icon_switch_camera.imageset/Contents.json",
				"${PODS_ROOT}/KommunicateChatUI-iOS-SDK/Sources/Resources/ALKAssets.xcassets/Camera/oval_mask_picture.imageset/Contents.json",
				"${PODS_ROOT}/KommunicateChatUI-iOS-SDK/Sources/Resources/ALKAssets.xcassets/Chat list/chat_bubble_grey.imageset/Contents.json",
				"${PODS_ROOT}/KommunicateChatUI-iOS-SDK/Sources/Resources/ALKAssets.xcassets/Chat list/chat_bubble_grey_hover.imageset/Contents.json",
				"${PODS_ROOT}/KommunicateChatUI-iOS-SDK/Sources/Resources/ALKAssets.xcassets/Chat list/chat_bubble_red.imageset/Contents.json",
				"${PODS_ROOT}/KommunicateChatUI-iOS-SDK/Sources/Resources/ALKAssets.xcassets/Chat list/chat_bubble_red_hover.imageset/Contents.json",
				"${PODS_ROOT}/KommunicateChatUI-iOS-SDK/Sources/Resources/ALKAssets.xcassets/Chat list/chat_bubble_rounded.imageset/Contents.json",
				"${PODS_ROOT}/KommunicateChatUI-iOS-SDK/Sources/Resources/ALKAssets.xcassets/Chat list/close.imageset/Contents.json",
				"${PODS_ROOT}/KommunicateChatUI-iOS-SDK/Sources/Resources/ALKAssets.xcassets/Chat list/Contents.json",
				"${PODS_ROOT}/KommunicateChatUI-iOS-SDK/Sources/Resources/ALKAssets.xcassets/Chat list/fill_214.imageset/Contents.json",
				"${PODS_ROOT}/KommunicateChatUI-iOS-SDK/Sources/Resources/ALKAssets.xcassets/Chat list/group_profile_picture-1.imageset/Contents.json",
				"${PODS_ROOT}/KommunicateChatUI-iOS-SDK/Sources/Resources/ALKAssets.xcassets/Chat list/group_profile_picture.imageset/Contents.json",
				"${PODS_ROOT}/KommunicateChatUI-iOS-SDK/Sources/Resources/ALKAssets.xcassets/Chat list/icon_add_people-1.imageset/Contents.json",
				"${PODS_ROOT}/KommunicateChatUI-iOS-SDK/Sources/Resources/ALKAssets.xcassets/Chat list/icon_add_people-2.imageset/Contents.json",
				"${PODS_ROOT}/KommunicateChatUI-iOS-SDK/Sources/Resources/ALKAssets.xcassets/Chat list/icon_add_people.imageset/Contents.json",
				"${PODS_ROOT}/KommunicateChatUI-iOS-SDK/Sources/Resources/ALKAssets.xcassets/Chat list/icon_add_people_grey.imageset/Contents.json",
				"${PODS_ROOT}/KommunicateChatUI-iOS-SDK/Sources/Resources/ALKAssets.xcassets/Chat list/icon_back.imageset/Contents.json",
				"${PODS_ROOT}/KommunicateChatUI-iOS-SDK/Sources/Resources/ALKAssets.xcassets/Chat list/icon_bag_more.imageset/Contents.json",
				"${PODS_ROOT}/KommunicateChatUI-iOS-SDK/Sources/Resources/ALKAssets.xcassets/Chat list/icon_block.imageset/Contents.json",
				"${PODS_ROOT}/KommunicateChatUI-iOS-SDK/Sources/Resources/ALKAssets.xcassets/Chat list/icon_call_disable.imageset/Contents.json",
				"${PODS_ROOT}/KommunicateChatUI-iOS-SDK/Sources/Resources/ALKAssets.xcassets/Chat list/icon_camera.imageset/Contents.json",
				"${PODS_ROOT}/KommunicateChatUI-iOS-SDK/Sources/Resources/ALKAssets.xcassets/Chat list/icon_delete_white.imageset/Contents.json",
				"${PODS_ROOT}/KommunicateChatUI-iOS-SDK/Sources/Resources/ALKAssets.xcassets/Chat list/icon_emoji.imageset/Contents.json",
				"${PODS_ROOT}/KommunicateChatUI-iOS-SDK/Sources/Resources/ALKAssets.xcassets/Chat list/icon_favorite.imageset/Contents.json",
				"${PODS_ROOT}/KommunicateChatUI-iOS-SDK/Sources/Resources/ALKAssets.xcassets/Chat list/icon_favorite_active.imageset/Contents.json",
				"${PODS_ROOT}/KommunicateChatUI-iOS-SDK/Sources/Resources/ALKAssets.xcassets/Chat list/icon_mic.imageset/Contents.json",
				"${PODS_ROOT}/KommunicateChatUI-iOS-SDK/Sources/Resources/ALKAssets.xcassets/Chat list/icon_mic_active.imageset/Contents.json",
				"${PODS_ROOT}/KommunicateChatUI-iOS-SDK/Sources/Resources/ALKAssets.xcassets/Chat list/icon_more_menu.imageset/Contents.json",
				"${PODS_ROOT}/KommunicateChatUI-iOS-SDK/Sources/Resources/ALKAssets.xcassets/Chat list/icon_mute_active.imageset/Contents.json",
				"${PODS_ROOT}/KommunicateChatUI-iOS-SDK/Sources/Resources/ALKAssets.xcassets/Chat list/icon_mute_inactive.imageset/Contents.json",
				"${PODS_ROOT}/KommunicateChatUI-iOS-SDK/Sources/Resources/ALKAssets.xcassets/Chat list/icon_new_chat_red.imageset/Contents.json",
				"${PODS_ROOT}/KommunicateChatUI-iOS-SDK/Sources/Resources/ALKAssets.xcassets/Chat list/icon_pause.imageset/Contents.json",
				"${PODS_ROOT}/KommunicateChatUI-iOS-SDK/Sources/Resources/ALKAssets.xcassets/Chat list/icon_play.imageset/Contents.json",
				"${PODS_ROOT}/KommunicateChatUI-iOS-SDK/Sources/Resources/ALKAssets.xcassets/Chat list/icon_plus_white.imageset/Contents.json",
				"${PODS_ROOT}/KommunicateChatUI-iOS-SDK/Sources/Resources/ALKAssets.xcassets/Chat list/icon_send.imageset/Contents.json",
				"${PODS_ROOT}/KommunicateChatUI-iOS-SDK/Sources/Resources/ALKAssets.xcassets/Chat list/icon_send_file.imageset/Contents.json",
				"${PODS_ROOT}/KommunicateChatUI-iOS-SDK/Sources/Resources/ALKAssets.xcassets/Chat list/icon_send_gift.imageset/Contents.json",
				"${PODS_ROOT}/KommunicateChatUI-iOS-SDK/Sources/Resources/ALKAssets.xcassets/Chat list/icon_send_location.imageset/Contents.json",
				"${PODS_ROOT}/KommunicateChatUI-iOS-SDK/Sources/Resources/ALKAssets.xcassets/Chat list/icon_stores.imageset/Contents.json",
				"${PODS_ROOT}/KommunicateChatUI-iOS-SDK/Sources/Resources/ALKAssets.xcassets/Chat list/icon_store_white.imageset/Contents.json",
				"${PODS_ROOT}/KommunicateChatUI-iOS-SDK/Sources/Resources/ALKAssets.xcassets/Chat list/placeholder.imageset/Contents.json",
				"${PODS_ROOT}/KommunicateChatUI-iOS-SDK/Sources/Resources/ALKAssets.xcassets/Chat list/search.imageset/Contents.json",
				"${PODS_ROOT}/KommunicateChatUI-iOS-SDK/Sources/Resources/ALKAssets.xcassets/Chat list/seen_state_0.imageset/Contents.json",
				"${PODS_ROOT}/KommunicateChatUI-iOS-SDK/Sources/Resources/ALKAssets.xcassets/Chat list/shape.imageset/Contents.json",
				"${PODS_ROOT}/KommunicateChatUI-iOS-SDK/Sources/Resources/ALKAssets.xcassets/Chat list/text_frame.imageset/Contents.json",
				"${PODS_ROOT}/KommunicateChatUI-iOS-SDK/Sources/Resources/ALKAssets.xcassets/Chat list/Voxeet/Contents.json",
				"${PODS_ROOT}/KommunicateChatUI-iOS-SDK/Sources/Resources/ALKAssets.xcassets/Chat/Account/account_suspension_icon.imageset/Contents.json",
				"${PODS_ROOT}/KommunicateChatUI-iOS-SDK/Sources/Resources/ALKAssets.xcassets/Chat/Account/Contents.json",
				"${PODS_ROOT}/KommunicateChatUI-iOS-SDK/Sources/Resources/ALKAssets.xcassets/Chat/Chat cell/alk_email_icon.imageset/Contents.json",
				"${PODS_ROOT}/KommunicateChatUI-iOS-SDK/Sources/Resources/ALKAssets.xcassets/Chat/Chat cell/alk_replied_icon.imageset/Contents.json",
				"${PODS_ROOT}/KommunicateChatUI-iOS-SDK/Sources/Resources/ALKAssets.xcassets/Chat/Chat cell/alk_reply_icon.imageset/Contents.json",
				"${PODS_ROOT}/KommunicateChatUI-iOS-SDK/Sources/Resources/ALKAssets.xcassets/Chat/Chat cell/Contents.json",
				"${PODS_ROOT}/KommunicateChatUI-iOS-SDK/Sources/Resources/ALKAssets.xcassets/Chat/Chat cell/default_image.imageset/Contents.json",
				"${PODS_ROOT}/KommunicateChatUI-iOS-SDK/Sources/Resources/ALKAssets.xcassets/Chat/Chat list/Contents.json",
				"${PODS_ROOT}/KommunicateChatUI-iOS-SDK/Sources/Resources/ALKAssets.xcassets/Chat/Chat list/file_selected.imageset/Contents.json",
				"${PODS_ROOT}/KommunicateChatUI-iOS-SDK/Sources/Resources/ALKAssets.xcassets/Chat/Chat list/gallery.imageset/Contents.json",
				"${PODS_ROOT}/KommunicateChatUI-iOS-SDK/Sources/Resources/ALKAssets.xcassets/Chat/Chat list/icon_rich_message.imageset/Contents.json",
				"${PODS_ROOT}/KommunicateChatUI-iOS-SDK/Sources/Resources/ALKAssets.xcassets/Chat/Chat list/Image.imageset/Contents.json",
				"${PODS_ROOT}/KommunicateChatUI-iOS-SDK/Sources/Resources/ALKAssets.xcassets/Chat/Chat list/leftArrow.imageset/Contents.json",
				"${PODS_ROOT}/KommunicateChatUI-iOS-SDK/Sources/Resources/ALKAssets.xcassets/Chat/Chat list/line.imageset/Contents.json",
				"${PODS_ROOT}/KommunicateChatUI-iOS-SDK/Sources/Resources/ALKAssets.xcassets/Chat/Chat list/location_new.imageset/Contents.json",
				"${PODS_ROOT}/KommunicateChatUI-iOS-SDK/Sources/Resources/ALKAssets.xcassets/Chat/Chat list/mic.imageset/Contents.json",
				"${PODS_ROOT}/KommunicateChatUI-iOS-SDK/Sources/Resources/ALKAssets.xcassets/Chat/Chat list/microphone.imageset/Contents.json",
				"${PODS_ROOT}/KommunicateChatUI-iOS-SDK/Sources/Resources/ALKAssets.xcassets/Chat/Chat list/photo.imageset/Contents.json",
				"${PODS_ROOT}/KommunicateChatUI-iOS-SDK/Sources/Resources/ALKAssets.xcassets/Chat/Chat list/scrollDown.imageset/Contents.json",
				"${PODS_ROOT}/KommunicateChatUI-iOS-SDK/Sources/Resources/ALKAssets.xcassets/Chat/Chat list/send.imageset/Contents.json",
				"${PODS_ROOT}/KommunicateChatUI-iOS-SDK/Sources/Resources/ALKAssets.xcassets/Chat/Chat list/showKeyboard.imageset/Contents.json",
				"${PODS_ROOT}/KommunicateChatUI-iOS-SDK/Sources/Resources/ALKAssets.xcassets/Chat/Chat list/video.imageset/Contents.json",
				"${PODS_ROOT}/KommunicateChatUI-iOS-SDK/Sources/Resources/ALKAssets.xcassets/Chat/Chat view/Contents.json",
				"${PODS_ROOT}/KommunicateChatUI-iOS-SDK/Sources/Resources/ALKAssets.xcassets/Chat/Chat view/ic_alk_document.imageset/Contents.json",
				"${PODS_ROOT}/KommunicateChatUI-iOS-SDK/Sources/Resources/ALKAssets.xcassets/Chat/Chat view/ic_alk_download.imageset/Contents.json",
				"${PODS_ROOT}/KommunicateChatUI-iOS-SDK/Sources/Resources/ALKAssets.xcassets/Chat/Chat view/ic_close.imageset/Contents.json",
				"${PODS_ROOT}/KommunicateChatUI-iOS-SDK/Sources/Resources/ALKAssets.xcassets/Chat/Chat view/ic_language.imageset/Contents.json",
				"${PODS_ROOT}/KommunicateChatUI-iOS-SDK/Sources/Resources/ALKAssets.xcassets/Chat/Chat view/ic_menu.imageset/Contents.json",
				"${PODS_ROOT}/KommunicateChatUI-iOS-SDK/Sources/Resources/ALKAssets.xcassets/Chat/Contents.json",
				"${PODS_ROOT}/KommunicateChatUI-iOS-SDK/Sources/Resources/ALKAssets.xcassets/checkbox_checked.imageset/Contents.json",
				"${PODS_ROOT}/KommunicateChatUI-iOS-SDK/Sources/Resources/ALKAssets.xcassets/checkbox_unchecked.imageset/Contents.json",
				"${PODS_ROOT}/KommunicateChatUI-iOS-SDK/Sources/Resources/ALKAssets.xcassets/Contents.json",
				"${PODS_ROOT}/KommunicateChatUI-iOS-SDK/Sources/Resources/ALKAssets.xcassets/Feedback/confusedEmoji.imageset/Contents.json",
				"${PODS_ROOT}/KommunicateChatUI-iOS-SDK/Sources/Resources/ALKAssets.xcassets/Feedback/Contents.json",
				"${PODS_ROOT}/KommunicateChatUI-iOS-SDK/Sources/Resources/ALKAssets.xcassets/Feedback/happyEmoji.imageset/Contents.json",
				"${PODS_ROOT}/KommunicateChatUI-iOS-SDK/Sources/Resources/ALKAssets.xcassets/Feedback/rating_star_filled.imageset/Contents.json",
				"${PODS_ROOT}/KommunicateChatUI-iOS-SDK/Sources/Resources/ALKAssets.xcassets/Feedback/rating_star_filled_five.imageset/Contents.json",
				"${PODS_ROOT}/KommunicateChatUI-iOS-SDK/Sources/Resources/ALKAssets.xcassets/Feedback/rating_star_filled_four.imageset/Contents.json",
				"${PODS_ROOT}/KommunicateChatUI-iOS-SDK/Sources/Resources/ALKAssets.xcassets/Feedback/rating_star_filled_three.imageset/Contents.json",
				"${PODS_ROOT}/KommunicateChatUI-iOS-SDK/Sources/Resources/ALKAssets.xcassets/Feedback/rating_star_filled_two.imageset/Contents.json",
				"${PODS_ROOT}/KommunicateChatUI-iOS-SDK/Sources/Resources/ALKAssets.xcassets/Feedback/sadEmoji.imageset/Contents.json",
				"${PODS_ROOT}/KommunicateChatUI-iOS-SDK/Sources/Resources/ALKAssets.xcassets/Icons/audioPlay.imageset/Contents.json",
				"${PODS_ROOT}/KommunicateChatUI-iOS-SDK/Sources/Resources/ALKAssets.xcassets/Icons/back.imageset/Contents.json",
				"${PODS_ROOT}/KommunicateChatUI-iOS-SDK/Sources/Resources/ALKAssets.xcassets/Icons/checked.imageset/Contents.json",
				"${PODS_ROOT}/KommunicateChatUI-iOS-SDK/Sources/Resources/ALKAssets.xcassets/Icons/contactShare.imageset/Contents.json",
				"${PODS_ROOT}/KommunicateChatUI-iOS-SDK/Sources/Resources/ALKAssets.xcassets/Icons/Contents.json",
				"${PODS_ROOT}/KommunicateChatUI-iOS-SDK/Sources/Resources/ALKAssets.xcassets/Icons/DownloadiOS.imageset/Contents.json",
				"${PODS_ROOT}/KommunicateChatUI-iOS-SDK/Sources/Resources/ALKAssets.xcassets/Icons/icon_arrow.imageset/Contents.json",
				"${PODS_ROOT}/KommunicateChatUI-iOS-SDK/Sources/Resources/ALKAssets.xcassets/Icons/icon_checked.imageset/Contents.json",
				"${PODS_ROOT}/KommunicateChatUI-iOS-SDK/Sources/Resources/ALKAssets.xcassets/Icons/icon_shopping_cart.imageset/Contents.json",
				"${PODS_ROOT}/KommunicateChatUI-iOS-SDK/Sources/Resources/ALKAssets.xcassets/Icons/muted.imageset/Contents.json",
				"${PODS_ROOT}/KommunicateChatUI-iOS-SDK/Sources/Resources/ALKAssets.xcassets/Icons/PLAY.imageset/Contents.json",
				"${PODS_ROOT}/KommunicateChatUI-iOS-SDK/Sources/Resources/ALKAssets.xcassets/Icons/refreshIcon.imageset/Contents.json",
				"${PODS_ROOT}/KommunicateChatUI-iOS-SDK/Sources/Resources/ALKAssets.xcassets/Icons/selectedCheck.imageset/Contents.json",
				"${PODS_ROOT}/KommunicateChatUI-iOS-SDK/Sources/Resources/ALKAssets.xcassets/Icons/UploadiOS2.imageset/Contents.json",
				"${PODS_ROOT}/KommunicateChatUI-iOS-SDK/Sources/Resources/ALKAssets.xcassets/Icons/VIDEO.imageset/Contents.json",
				"${PODS_ROOT}/KommunicateChatUI-iOS-SDK/Sources/Resources/ALKAssets.xcassets/link.imageset/Contents.json",
				"${PODS_ROOT}/KommunicateChatUI-iOS-SDK/Sources/Resources/ALKAssets.xcassets/Main Menu Wheel/Contents.json",
				"${PODS_ROOT}/KommunicateChatUI-iOS-SDK/Sources/Resources/ALKAssets.xcassets/Main Menu Wheel/icon_menu_dial_on.imageset/Contents.json",
				"${PODS_ROOT}/KommunicateChatUI-iOS-SDK/Sources/Resources/ALKAssets.xcassets/Map/BG_address.imageset/Contents.json",
				"${PODS_ROOT}/KommunicateChatUI-iOS-SDK/Sources/Resources/ALKAssets.xcassets/Map/BG_address_triangle.imageset/Contents.json",
				"${PODS_ROOT}/KommunicateChatUI-iOS-SDK/Sources/Resources/ALKAssets.xcassets/Map/bg_share_location.imageset/Contents.json",
				"${PODS_ROOT}/KommunicateChatUI-iOS-SDK/Sources/Resources/ALKAssets.xcassets/Map/button_current_location.imageset/Contents.json",
				"${PODS_ROOT}/KommunicateChatUI-iOS-SDK/Sources/Resources/ALKAssets.xcassets/Map/Contents.json",
				"${PODS_ROOT}/KommunicateChatUI-iOS-SDK/Sources/Resources/ALKAssets.xcassets/Map/icon_share_location.imageset/Contents.json",
				"${PODS_ROOT}/KommunicateChatUI-iOS-SDK/Sources/Resources/ALKAssets.xcassets/Map/map_no_data.imageset/Contents.json",
				"${PODS_ROOT}/KommunicateChatUI-iOS-SDK/Sources/Resources/ALKAssets.xcassets/Profile/contactPlaceholder.imageset/Contents.json",
				"${PODS_ROOT}/KommunicateChatUI-iOS-SDK/Sources/Resources/ALKAssets.xcassets/Profile/Contents.json",
				"${PODS_ROOT}/KommunicateChatUI-iOS-SDK/Sources/Resources/ALKAssets.xcassets/Profile/groupPlaceholder.imageset/Contents.json",
				"${PODS_ROOT}/KommunicateChatUI-iOS-SDK/Sources/Resources/ALKAssets.xcassets/Profile/watingQueueProfile.imageset/Contents.json",
				"${PODS_ROOT}/KommunicateChatUI-iOS-SDK/Sources/Resources/ALKAssets.xcassets/radiobutton_checked.imageset/Contents.json",
				"${PODS_ROOT}/KommunicateChatUI-iOS-SDK/Sources/Resources/ALKAssets.xcassets/radiobutton_unchecked.imageset/Contents.json",
				"${PODS_ROOT}/KommunicateChatUI-iOS-SDK/Sources/Resources/ALKAssets.xcassets/read_state_1.imageset/Contents.json",
				"${PODS_ROOT}/KommunicateChatUI-iOS-SDK/Sources/Resources/ALKAssets.xcassets/read_state_2.imageset/Contents.json",
				"${PODS_ROOT}/KommunicateChatUI-iOS-SDK/Sources/Resources/ALKAssets.xcassets/Typing animation/animate-typing0000.imageset/Contents.json",
				"${PODS_ROOT}/KommunicateChatUI-iOS-SDK/Sources/Resources/ALKAssets.xcassets/Typing animation/animate-typing0001.imageset/Contents.json",
				"${PODS_ROOT}/KommunicateChatUI-iOS-SDK/Sources/Resources/ALKAssets.xcassets/Typing animation/animate-typing0002.imageset/Contents.json",
				"${PODS_ROOT}/KommunicateChatUI-iOS-SDK/Sources/Resources/ALKAssets.xcassets/Typing animation/animate-typing0003.imageset/Contents.json",
				"${PODS_ROOT}/KommunicateChatUI-iOS-SDK/Sources/Resources/ALKAssets.xcassets/Typing animation/animate-typing0004.imageset/Contents.json",
				"${PODS_ROOT}/KommunicateChatUI-iOS-SDK/Sources/Resources/ALKAssets.xcassets/Typing animation/animate-typing0005.imageset/Contents.json",
				"${PODS_ROOT}/KommunicateChatUI-iOS-SDK/Sources/Resources/ALKAssets.xcassets/Typing animation/animate-typing0006.imageset/Contents.json",
				"${PODS_ROOT}/KommunicateChatUI-iOS-SDK/Sources/Resources/ALKAssets.xcassets/Typing animation/animate-typing0007.imageset/Contents.json",
				"${PODS_ROOT}/KommunicateChatUI-iOS-SDK/Sources/Resources/ALKAssets.xcassets/Typing animation/animate-typing0008.imageset/Contents.json",
				"${PODS_ROOT}/KommunicateChatUI-iOS-SDK/Sources/Resources/ALKAssets.xcassets/Typing animation/animate-typing0009.imageset/Contents.json",
				"${PODS_ROOT}/KommunicateChatUI-iOS-SDK/Sources/Resources/ALKAssets.xcassets/Typing animation/animate-typing0010.imageset/Contents.json",
				"${PODS_ROOT}/KommunicateChatUI-iOS-SDK/Sources/Resources/ALKAssets.xcassets/Typing animation/animate-typing0011.imageset/Contents.json",
				"${PODS_ROOT}/KommunicateChatUI-iOS-SDK/Sources/Resources/ALKAssets.xcassets/Typing animation/animate-typing0012.imageset/Contents.json",
				"${PODS_ROOT}/KommunicateChatUI-iOS-SDK/Sources/Resources/ALKAssets.xcassets/Typing animation/animate-typing0013.imageset/Contents.json",
				"${PODS_ROOT}/KommunicateChatUI-iOS-SDK/Sources/Resources/ALKAssets.xcassets/Typing animation/animate-typing0014.imageset/Contents.json",
				"${PODS_ROOT}/KommunicateChatUI-iOS-SDK/Sources/Resources/ALKAssets.xcassets/Typing animation/animate-typing0015.imageset/Contents.json",
				"${PODS_ROOT}/KommunicateChatUI-iOS-SDK/Sources/Resources/ALKAssets.xcassets/Typing animation/animate-typing0016.imageset/Contents.json",
				"${PODS_ROOT}/KommunicateChatUI-iOS-SDK/Sources/Resources/ALKAssets.xcassets/Typing animation/animate-typing0017.imageset/Contents.json",
				"${PODS_ROOT}/KommunicateChatUI-iOS-SDK/Sources/Resources/ALKAssets.xcassets/Typing animation/animate-typing0018.imageset/Contents.json",
				"${PODS_ROOT}/KommunicateChatUI-iOS-SDK/Sources/Resources/ALKAssets.xcassets/Typing animation/animate-typing0019.imageset/Contents.json",
				"${PODS_ROOT}/KommunicateChatUI-iOS-SDK/Sources/Resources/ALKAssets.xcassets/Typing animation/animate-typing0020.imageset/Contents.json",
				"${PODS_ROOT}/KommunicateChatUI-iOS-SDK/Sources/Resources/ALKAssets.xcassets/Typing animation/animate-typing0021.imageset/Contents.json",
				"${PODS_ROOT}/KommunicateChatUI-iOS-SDK/Sources/Resources/ALKAssets.xcassets/Typing animation/animate-typing0022.imageset/Contents.json",
				"${PODS_ROOT}/KommunicateChatUI-iOS-SDK/Sources/Resources/ALKAssets.xcassets/Typing animation/animate-typing0023.imageset/Contents.json",
				"${PODS_ROOT}/KommunicateChatUI-iOS-SDK/Sources/Resources/ALKAssets.xcassets/Typing animation/animate-typing0024.imageset/Contents.json",
				"${PODS_ROOT}/KommunicateChatUI-iOS-SDK/Sources/Resources/ALKAssets.xcassets/Typing animation/animate-typing0025.imageset/Contents.json",
				"${PODS_ROOT}/KommunicateChatUI-iOS-SDK/Sources/Resources/ALKAssets.xcassets/Typing animation/animate-typing0026.imageset/Contents.json",
				"${PODS_ROOT}/KommunicateChatUI-iOS-SDK/Sources/Resources/ALKAssets.xcassets/Typing animation/animate-typing0027.imageset/Contents.json",
				"${PODS_ROOT}/KommunicateChatUI-iOS-SDK/Sources/Resources/ALKAssets.xcassets/Typing animation/animate-typing0028.imageset/Contents.json",
				"${PODS_ROOT}/KommunicateChatUI-iOS-SDK/Sources/Resources/ALKAssets.xcassets/Typing animation/animate-typing0029.imageset/Contents.json",
				"${PODS_ROOT}/KommunicateChatUI-iOS-SDK/Sources/Resources/ALKAssets.xcassets/Typing animation/animate-typing0030.imageset/Contents.json",
				"${PODS_ROOT}/KommunicateChatUI-iOS-SDK/Sources/Resources/ALKAssets.xcassets/Typing animation/animate-typing0031.imageset/Contents.json",
				"${PODS_ROOT}/KommunicateChatUI-iOS-SDK/Sources/Resources/ALKAssets.xcassets/Typing animation/Contents.json",
				"${PODS_ROOT}/KommunicateChatUI-iOS-SDK/Sources/Views/StoryBoards/CreateGroupChat.storyboard",
				"${PODS_ROOT}/KommunicateChatUI-iOS-SDK/Sources/Views/StoryBoards/CustomCamera.storyboard",
				"${PODS_ROOT}/KommunicateChatUI-iOS-SDK/Sources/Views/StoryBoards/CustomPicker.storyboard",
				"${PODS_ROOT}/KommunicateChatUI-iOS-SDK/Sources/Views/StoryBoards/CustomVideoCapture.storyboard",
				"${PODS_ROOT}/KommunicateChatUI-iOS-SDK/Sources/Views/StoryBoards/EmptyChatCell.xib",
				"${PODS_ROOT}/KommunicateChatUI-iOS-SDK/Sources/Views/StoryBoards/KMChatAccountSuspensionView.xib",
				"${PODS_ROOT}/KommunicateChatUI-iOS-SDK/Sources/Views/StoryBoards/KMChatDateSectionHeaderView.xib",
				"${PODS_ROOT}/KommunicateChatUI-iOS-SDK/Sources/Views/StoryBoards/LaunchScreen.storyboard",
				"${PODS_ROOT}/KommunicateChatUI-iOS-SDK/Sources/Views/StoryBoards/MapView.storyboard",
				"${PODS_ROOT}/KommunicateChatUI-iOS-SDK/Sources/Views/StoryBoards/MarkerInfoWindowView.xib",
				"${PODS_ROOT}/KommunicateChatUI-iOS-SDK/Sources/Views/StoryBoards/MediaViewer.storyboard",
				"${PODS_ROOT}/KommunicateChatUI-iOS-SDK/Sources/Views/StoryBoards/PreviewImage.storyboard",
				"${PODS_ROOT}/KommunicateChatUI-iOS-SDK/Sources/Views/StoryBoards/PreviewLocation.storyboard",
				"${PODS_ROOT}/KommunicateChatUI-iOS-SDK/Sources/Views/StoryBoards/ShareLocation.storyboard",
				"${PODS_ROOT}/KommunicateChatUI-iOS-SDK/Sources/Resources/ALKAssets.xcassets",
				"${PODS_ROOT}/KommunicateChatUI-iOS-SDK/Sources/Resources/Base.lproj",
				"${PODS_ROOT}/KommunicateChatUI-iOS-SDK/RichMessageKit/Assets/Images.xcassets",
				"${PODS_ROOT}/KommunicateCore-iOS-SDK/Sources/KommunicateCore-Info.plist",
				"${PODS_ROOT}/KommunicateCore-iOS-SDK/Sources/Resources/TSMessagesDefaultDesign.json",
				"${PODS_ROOT}/KommunicateCore-iOS-SDK/Sources/Resources/AppLozic.xcdatamodeld",
				"${PODS_ROOT}/KommunicateCore-iOS-SDK/Sources/Resources/MQTTClient.xcdatamodeld",
				"${PODS_CONFIGURATION_BUILD_DIR}/React-Core/React-Core_privacy.bundle",
				"${PODS_CONFIGURATION_BUILD_DIR}/React-cxxreact/React-cxxreact_privacy.bundle",
			);
			name = "[CP] Copy Pods Resources";
			outputPaths = (
				"${TARGET_BUILD_DIR}/${UNLOCALIZED_RESOURCES_FOLDER_PATH}/EXConstants.bundle",
				"${TARGET_BUILD_DIR}/${UNLOCALIZED_RESOURCES_FOLDER_PATH}/ExpoConstants_privacy.bundle",
				"${TARGET_BUILD_DIR}/${UNLOCALIZED_RESOURCES_FOLDER_PATH}/ExpoFileSystem_privacy.bundle",
				"${TARGET_BUILD_DIR}/${UNLOCALIZED_RESOURCES_FOLDER_PATH}/Kingfisher.bundle",
				"${TARGET_BUILD_DIR}/${UNLOCALIZED_RESOURCES_FOLDER_PATH}/CustomPreChatFormView.nib",
				"${TARGET_BUILD_DIR}/${UNLOCALIZED_RESOURCES_FOLDER_PATH}/Contents.json",
				"${TARGET_BUILD_DIR}/${UNLOCALIZED_RESOURCES_FOLDER_PATH}/KMPreChatUserFormView.nib",
				"${TARGET_BUILD_DIR}/${UNLOCALIZED_RESOURCES_FOLDER_PATH}/Localizable.strings",
				"${TARGET_BUILD_DIR}/${UNLOCALIZED_RESOURCES_FOLDER_PATH}/Assets.car",
				"${TARGET_BUILD_DIR}/${UNLOCALIZED_RESOURCES_FOLDER_PATH}/CreateGroupChat.storyboardc",
				"${TARGET_BUILD_DIR}/${UNLOCALIZED_RESOURCES_FOLDER_PATH}/CustomCamera.storyboardc",
				"${TARGET_BUILD_DIR}/${UNLOCALIZED_RESOURCES_FOLDER_PATH}/CustomPicker.storyboardc",
				"${TARGET_BUILD_DIR}/${UNLOCALIZED_RESOURCES_FOLDER_PATH}/CustomVideoCapture.storyboardc",
				"${TARGET_BUILD_DIR}/${UNLOCALIZED_RESOURCES_FOLDER_PATH}/EmptyChatCell.nib",
				"${TARGET_BUILD_DIR}/${UNLOCALIZED_RESOURCES_FOLDER_PATH}/KMChatAccountSuspensionView.nib",
				"${TARGET_BUILD_DIR}/${UNLOCALIZED_RESOURCES_FOLDER_PATH}/KMChatDateSectionHeaderView.nib",
				"${TARGET_BUILD_DIR}/${UNLOCALIZED_RESOURCES_FOLDER_PATH}/LaunchScreen.storyboardc",
				"${TARGET_BUILD_DIR}/${UNLOCALIZED_RESOURCES_FOLDER_PATH}/MapView.storyboardc",
				"${TARGET_BUILD_DIR}/${UNLOCALIZED_RESOURCES_FOLDER_PATH}/MarkerInfoWindowView.nib",
				"${TARGET_BUILD_DIR}/${UNLOCALIZED_RESOURCES_FOLDER_PATH}/MediaViewer.storyboardc",
				"${TARGET_BUILD_DIR}/${UNLOCALIZED_RESOURCES_FOLDER_PATH}/PreviewImage.storyboardc",
				"${TARGET_BUILD_DIR}/${UNLOCALIZED_RESOURCES_FOLDER_PATH}/PreviewLocation.storyboardc",
				"${TARGET_BUILD_DIR}/${UNLOCALIZED_RESOURCES_FOLDER_PATH}/ShareLocation.storyboardc",
				"${TARGET_BUILD_DIR}/${UNLOCALIZED_RESOURCES_FOLDER_PATH}/Base.lproj",
				"${TARGET_BUILD_DIR}/${UNLOCALIZED_RESOURCES_FOLDER_PATH}/KommunicateCore-Info.plist",
				"${TARGET_BUILD_DIR}/${UNLOCALIZED_RESOURCES_FOLDER_PATH}/TSMessagesDefaultDesign.json",
				"${TARGET_BUILD_DIR}/${UNLOCALIZED_RESOURCES_FOLDER_PATH}/AppLozic.momd",
				"${TARGET_BUILD_DIR}/${UNLOCALIZED_RESOURCES_FOLDER_PATH}/MQTTClient.momd",
				"${TARGET_BUILD_DIR}/${UNLOCALIZED_RESOURCES_FOLDER_PATH}/React-Core_privacy.bundle",
				"${TARGET_BUILD_DIR}/${UNLOCALIZED_RESOURCES_FOLDER_PATH}/React-cxxreact_privacy.bundle",
			);
			runOnlyForDeploymentPostprocessing = 0;
			shellPath = /bin/sh;
			shellScript = "\"${PODS_ROOT}/Target Support Files/Pods-KommunicateReactNativeSampleApp/Pods-KommunicateReactNativeSampleApp-resources.sh\"\n";
			showEnvVarsInLog = 0;
		};
/* End PBXShellScriptBuildPhase section */

/* Begin PBXSourcesBuildPhase section */
		13B07F871A680F5B00A75B9A /* Sources */ = {
			isa = PBXSourcesBuildPhase;
			buildActionMask = 2147483647;
			files = (
				F11748422D0307B40044C1D9 /* AppDelegate.swift in Sources */,
				7FBD35F6716975977FDA4136 /* ExpoModulesProvider.swift in Sources */,
			);
			runOnlyForDeploymentPostprocessing = 0;
		};
/* End PBXSourcesBuildPhase section */

/* Begin XCBuildConfiguration section */
		13B07F941A680F5B00A75B9A /* Debug */ = {
			isa = XCBuildConfiguration;
			baseConfigurationReference = BABF9DB649E516DEEC55064F /* Pods-KommunicateReactNativeSampleApp.debug.xcconfig */;
			buildSettings = {
				ASSETCATALOG_COMPILER_APPICON_NAME = AppIcon;
				CLANG_ENABLE_MODULES = YES;
				CODE_SIGN_ENTITLEMENTS = KommunicateReactNativeSampleApp/KommunicateReactNativeSampleApp.entitlements;
				CURRENT_PROJECT_VERSION = 1;
				ENABLE_BITCODE = NO;
				GCC_PREPROCESSOR_DEFINITIONS = (
					"$(inherited)",
					"FB_SONARKIT_ENABLED=1",
				);
				INFOPLIST_FILE = KommunicateReactNativeSampleApp/Info.plist;
				IPHONEOS_DEPLOYMENT_TARGET = 15.1;
				LD_RUNPATH_SEARCH_PATHS = (
					"$(inherited)",
					"@executable_path/Frameworks",
				);
				MARKETING_VERSION = 1.0;
				OTHER_LDFLAGS = (
					"$(inherited)",
					"-ObjC",
					"-lc++",
				);
				OTHER_SWIFT_FLAGS = "$(inherited) -D EXPO_CONFIGURATION_DEBUG";
				PRODUCT_BUNDLE_IDENTIFIER = com.anonymous.KommunicateReactNativeSampleApp;
				PRODUCT_NAME = KommunicateReactNativeSampleApp;
				SWIFT_OBJC_BRIDGING_HEADER = "KommunicateReactNativeSampleApp/KommunicateReactNativeSampleApp-Bridging-Header.h";
				SWIFT_OPTIMIZATION_LEVEL = "-Onone";
				SWIFT_VERSION = 5.0;
				TARGETED_DEVICE_FAMILY = 1;
				VERSIONING_SYSTEM = "apple-generic";
			};
			name = Debug;
		};
		13B07F951A680F5B00A75B9A /* Release */ = {
			isa = XCBuildConfiguration;
			baseConfigurationReference = 7FA27A47F0AF8B011D7B9086 /* Pods-KommunicateReactNativeSampleApp.release.xcconfig */;
			buildSettings = {
				ASSETCATALOG_COMPILER_APPICON_NAME = AppIcon;
				CLANG_ENABLE_MODULES = YES;
				CODE_SIGN_ENTITLEMENTS = KommunicateReactNativeSampleApp/KommunicateReactNativeSampleApp.entitlements;
				CURRENT_PROJECT_VERSION = 1;
				INFOPLIST_FILE = KommunicateReactNativeSampleApp/Info.plist;
				IPHONEOS_DEPLOYMENT_TARGET = 15.1;
				LD_RUNPATH_SEARCH_PATHS = (
					"$(inherited)",
					"@executable_path/Frameworks",
				);
				MARKETING_VERSION = 1.0;
				OTHER_LDFLAGS = (
					"$(inherited)",
					"-ObjC",
					"-lc++",
				);
				OTHER_SWIFT_FLAGS = "$(inherited) -D EXPO_CONFIGURATION_RELEASE";
				PRODUCT_BUNDLE_IDENTIFIER = com.anonymous.KommunicateReactNativeSampleApp;
				PRODUCT_NAME = KommunicateReactNativeSampleApp;
				SWIFT_OBJC_BRIDGING_HEADER = "KommunicateReactNativeSampleApp/KommunicateReactNativeSampleApp-Bridging-Header.h";
				SWIFT_VERSION = 5.0;
				TARGETED_DEVICE_FAMILY = 1;
				VERSIONING_SYSTEM = "apple-generic";
			};
			name = Release;
		};
		83CBBA201A601CBA00E9B192 /* Debug */ = {
			isa = XCBuildConfiguration;
			buildSettings = {
				ALWAYS_SEARCH_USER_PATHS = NO;
				CLANG_ANALYZER_LOCALIZABILITY_NONLOCALIZED = YES;
				CLANG_CXX_LANGUAGE_STANDARD = "c++20";
				CLANG_CXX_LIBRARY = "libc++";
				CLANG_ENABLE_MODULES = YES;
				CLANG_ENABLE_OBJC_ARC = YES;
				CLANG_WARN_BLOCK_CAPTURE_AUTORELEASING = YES;
				CLANG_WARN_BOOL_CONVERSION = YES;
				CLANG_WARN_COMMA = YES;
				CLANG_WARN_CONSTANT_CONVERSION = YES;
				CLANG_WARN_DEPRECATED_OBJC_IMPLEMENTATIONS = YES;
				CLANG_WARN_DIRECT_OBJC_ISA_USAGE = YES_ERROR;
				CLANG_WARN_EMPTY_BODY = YES;
				CLANG_WARN_ENUM_CONVERSION = YES;
				CLANG_WARN_INFINITE_RECURSION = YES;
				CLANG_WARN_INT_CONVERSION = YES;
				CLANG_WARN_NON_LITERAL_NULL_CONVERSION = YES;
				CLANG_WARN_OBJC_IMPLICIT_RETAIN_SELF = YES;
				CLANG_WARN_OBJC_LITERAL_CONVERSION = YES;
				CLANG_WARN_OBJC_ROOT_CLASS = YES_ERROR;
				CLANG_WARN_RANGE_LOOP_ANALYSIS = YES;
				CLANG_WARN_STRICT_PROTOTYPES = YES;
				CLANG_WARN_SUSPICIOUS_MOVE = YES;
				CLANG_WARN_UNREACHABLE_CODE = YES;
				CLANG_WARN__DUPLICATE_METHOD_MATCH = YES;
				"CODE_SIGN_IDENTITY[sdk=iphoneos*]" = "iPhone Developer";
				COPY_PHASE_STRIP = NO;
				ENABLE_STRICT_OBJC_MSGSEND = YES;
				ENABLE_TESTABILITY = YES;
				GCC_C_LANGUAGE_STANDARD = gnu99;
				GCC_DYNAMIC_NO_PIC = NO;
				GCC_NO_COMMON_BLOCKS = YES;
				GCC_OPTIMIZATION_LEVEL = 0;
				GCC_PREPROCESSOR_DEFINITIONS = (
					"DEBUG=1",
					"$(inherited)",
				);
				GCC_SYMBOLS_PRIVATE_EXTERN = NO;
				GCC_WARN_64_TO_32_BIT_CONVERSION = YES;
				GCC_WARN_ABOUT_RETURN_TYPE = YES_ERROR;
				GCC_WARN_UNDECLARED_SELECTOR = YES;
				GCC_WARN_UNINITIALIZED_AUTOS = YES_AGGRESSIVE;
				GCC_WARN_UNUSED_FUNCTION = YES;
				GCC_WARN_UNUSED_VARIABLE = YES;
				IPHONEOS_DEPLOYMENT_TARGET = 15.1;
				LD_RUNPATH_SEARCH_PATHS = (
					/usr/lib/swift,
					"$(inherited)",
				);
				LIBRARY_SEARCH_PATHS = "$(SDKROOT)/usr/lib/swift\"$(inherited)\"";
				MTL_ENABLE_DEBUG_INFO = YES;
				ONLY_ACTIVE_ARCH = YES;
				REACT_NATIVE_PATH = "${PODS_ROOT}/../../node_modules/react-native";
				SDKROOT = iphoneos;
				SWIFT_ACTIVE_COMPILATION_CONDITIONS = "$(inherited) DEBUG";
				SWIFT_ENABLE_EXPLICIT_MODULES = NO;
				USE_HERMES = true;
			};
			name = Debug;
		};
		83CBBA211A601CBA00E9B192 /* Release */ = {
			isa = XCBuildConfiguration;
			buildSettings = {
				ALWAYS_SEARCH_USER_PATHS = NO;
				CLANG_ANALYZER_LOCALIZABILITY_NONLOCALIZED = YES;
				CLANG_CXX_LANGUAGE_STANDARD = "c++20";
				CLANG_CXX_LIBRARY = "libc++";
				CLANG_ENABLE_MODULES = YES;
				CLANG_ENABLE_OBJC_ARC = YES;
				CLANG_WARN_BLOCK_CAPTURE_AUTORELEASING = YES;
				CLANG_WARN_BOOL_CONVERSION = YES;
				CLANG_WARN_COMMA = YES;
				CLANG_WARN_CONSTANT_CONVERSION = YES;
				CLANG_WARN_DEPRECATED_OBJC_IMPLEMENTATIONS = YES;
				CLANG_WARN_DIRECT_OBJC_ISA_USAGE = YES_ERROR;
				CLANG_WARN_EMPTY_BODY = YES;
				CLANG_WARN_ENUM_CONVERSION = YES;
				CLANG_WARN_INFINITE_RECURSION = YES;
				CLANG_WARN_INT_CONVERSION = YES;
				CLANG_WARN_NON_LITERAL_NULL_CONVERSION = YES;
				CLANG_WARN_OBJC_IMPLICIT_RETAIN_SELF = YES;
				CLANG_WARN_OBJC_LITERAL_CONVERSION = YES;
				CLANG_WARN_OBJC_ROOT_CLASS = YES_ERROR;
				CLANG_WARN_RANGE_LOOP_ANALYSIS = YES;
				CLANG_WARN_STRICT_PROTOTYPES = YES;
				CLANG_WARN_SUSPICIOUS_MOVE = YES;
				CLANG_WARN_UNREACHABLE_CODE = YES;
				CLANG_WARN__DUPLICATE_METHOD_MATCH = YES;
				"CODE_SIGN_IDENTITY[sdk=iphoneos*]" = "iPhone Developer";
				COPY_PHASE_STRIP = YES;
				ENABLE_NS_ASSERTIONS = NO;
				ENABLE_STRICT_OBJC_MSGSEND = YES;
				GCC_C_LANGUAGE_STANDARD = gnu99;
				GCC_NO_COMMON_BLOCKS = YES;
				GCC_WARN_64_TO_32_BIT_CONVERSION = YES;
				GCC_WARN_ABOUT_RETURN_TYPE = YES_ERROR;
				GCC_WARN_UNDECLARED_SELECTOR = YES;
				GCC_WARN_UNINITIALIZED_AUTOS = YES_AGGRESSIVE;
				GCC_WARN_UNUSED_FUNCTION = YES;
				GCC_WARN_UNUSED_VARIABLE = YES;
				IPHONEOS_DEPLOYMENT_TARGET = 15.1;
				LD_RUNPATH_SEARCH_PATHS = (
					/usr/lib/swift,
					"$(inherited)",
				);
				LIBRARY_SEARCH_PATHS = "$(SDKROOT)/usr/lib/swift\"$(inherited)\"";
				MTL_ENABLE_DEBUG_INFO = NO;
				REACT_NATIVE_PATH = "${PODS_ROOT}/../../node_modules/react-native";
				SDKROOT = iphoneos;
				SWIFT_ENABLE_EXPLICIT_MODULES = NO;
				USE_HERMES = true;
				VALIDATE_PRODUCT = YES;
			};
			name = Release;
		};
/* End XCBuildConfiguration section */

/* Begin XCConfigurationList section */
		13B07F931A680F5B00A75B9A /* Build configuration list for PBXNativeTarget "KommunicateReactNativeSampleApp" */ = {
			isa = XCConfigurationList;
			buildConfigurations = (
				13B07F941A680F5B00A75B9A /* Debug */,
				13B07F951A680F5B00A75B9A /* Release */,
			);
			defaultConfigurationIsVisible = 0;
			defaultConfigurationName = Release;
		};
		83CBB9FA1A601CBA00E9B192 /* Build configuration list for PBXProject "KommunicateReactNativeSampleApp" */ = {
			isa = XCConfigurationList;
			buildConfigurations = (
				83CBBA201A601CBA00E9B192 /* Debug */,
				83CBBA211A601CBA00E9B192 /* Release */,
			);
			defaultConfigurationIsVisible = 0;
			defaultConfigurationName = Release;
		};
/* End XCConfigurationList section */
	};
	rootObject = 83CBB9F71A601CBA00E9B192 /* Project object */;
}
